
Microsoft Visual Studio Solution File, Format Version 12.00
Project("{FAE04EC0-301F-11D3-BF4B-00C04F79EFBC}") = "RtfmAPI.Presentation", "RtfmAPI.Presentation\RtfmAPI.Presentation.csproj", "{C893206E-C6F4-406D-A6D5-9E0DC6986F45}"
EndProject
Project("{FAE04EC0-301F-11D3-BF4B-00C04F79EFBC}") = "RtfmAPI.Domain", "RtfmAPI.Domain\RtfmAPI.Domain.csproj", "{0FA41AF8-EA38-43FE-BF04-11A55A7DECB2}"
EndProject
Project("{FAE04EC0-301F-11D3-BF4B-00C04F79EFBC}") = "RtfmAPI.Infrastructure", "RtfmAPI.Infrastructure\RtfmAPI.Infrastructure.csproj", "{07E3FADB-1F80-4672-AB69-CF913F0CAC0F}"
EndProject
Project("{FAE04EC0-301F-11D3-BF4B-00C04F79EFBC}") = "RtfmAPI.Application", "RtfmAPI.Application\RtfmAPI.Application.csproj", "{7DE32A02-13B4-4D4D-9562-DFD0BB064914}"
EndProject
Project("{FAE04EC0-301F-11D3-BF4B-00C04F79EFBC}") = "RtfmAPI.Infrastructure.Dao", "RtfmAPI.Infrastructure.Dao\RtfmAPI.Infrastructure.Dao.csproj", "{D5C18729-7B23-4690-A76F-46641344E0B0}"
EndProject
Global
	GlobalSection(SolutionConfigurationPlatforms) = preSolution
		Debug|Any CPU = Debug|Any CPU
		Release|Any CPU = Release|Any CPU
	EndGlobalSection
	GlobalSection(ProjectConfigurationPlatforms) = postSolution
		{C893206E-C6F4-406D-A6D5-9E0DC6986F45}.Debug|Any CPU.ActiveCfg = Debug|Any CPU
		{C893206E-C6F4-406D-A6D5-9E0DC6986F45}.Debug|Any CPU.Build.0 = Debug|Any CPU
		{C893206E-C6F4-406D-A6D5-9E0DC6986F45}.Release|Any CPU.ActiveCfg = Release|Any CPU
		{C893206E-C6F4-406D-A6D5-9E0DC6986F45}.Release|Any CPU.Build.0 = Release|Any CPU
		{0FA41AF8-EA38-43FE-BF04-11A55A7DECB2}.Debug|Any CPU.ActiveCfg = Debug|Any CPU
		{0FA41AF8-EA38-43FE-BF04-11A55A7DECB2}.Debug|Any CPU.Build.0 = Debug|Any CPU
		{0FA41AF8-EA38-43FE-BF04-11A55A7DECB2}.Release|Any CPU.ActiveCfg = Release|Any CPU
		{0FA41AF8-EA38-43FE-BF04-11A55A7DECB2}.Release|Any CPU.Build.0 = Release|Any CPU
		{07E3FADB-1F80-4672-AB69-CF913F0CAC0F}.Debug|Any CPU.ActiveCfg = Debug|Any CPU
		{07E3FADB-1F80-4672-AB69-CF913F0CAC0F}.Debug|Any CPU.Build.0 = Debug|Any CPU
		{07E3FADB-1F80-4672-AB69-CF913F0CAC0F}.Release|Any CPU.ActiveCfg = Release|Any CPU
		{07E3FADB-1F80-4672-AB69-CF913F0CAC0F}.Release|Any CPU.Build.0 = Release|Any CPU
		{7DE32A02-13B4-4D4D-9562-DFD0BB064914}.Debug|Any CPU.ActiveCfg = Debug|Any CPU
		{7DE32A02-13B4-4D4D-9562-DFD0BB064914}.Debug|Any CPU.Build.0 = Debug|Any CPU
		{7DE32A02-13B4-4D4D-9562-DFD0BB064914}.Release|Any CPU.ActiveCfg = Release|Any CPU
		{7DE32A02-13B4-4D4D-9562-DFD0BB064914}.Release|Any CPU.Build.0 = Release|Any CPU
		{D5C18729-7B23-4690-A76F-46641344E0B0}.Debug|Any CPU.ActiveCfg = Debug|Any CPU
		{D5C18729-7B23-4690-A76F-46641344E0B0}.Debug|Any CPU.Build.0 = Debug|Any CPU
		{D5C18729-7B23-4690-A76F-46641344E0B0}.Release|Any CPU.ActiveCfg = Release|Any CPU
		{D5C18729-7B23-4690-A76F-46641344E0B0}.Release|Any CPU.Build.0 = Release|Any CPU
	EndGlobalSection
EndGlobal
